{
  "version": 4,
  "terraform_version": "1.13.0",
  "serial": 49,
  "lineage": "61bdbc9a-1cb7-2481-0fac-157cce46f451",
  "outputs": {
    "docker_instance_ip": {
      "value": "44.193.12.105",
      "type": "string"
    },
    "key_name": {
      "value": "tf-key",
      "type": "string"
    },
    "private_key_path": {
      "value": "modules/keypair/../../tf-key.pem",
      "type": "string"
    },
    "web_instance_ip": {
      "value": "3.218.145.60",
      "type": "string"
    }
  },
  "resources": [
    {
      "mode": "data",
      "type": "aws_ami",
      "name": "ubuntu",
      "provider": "provider[\"registry.terraform.io/hashicorp/aws\"]",
      "instances": [
        {
          "schema_version": 0,
          "attributes": {
            "architecture": "x86_64",
            "arn": "arn:aws:ec2:us-east-1::image/ami-0fb0b230890ccd1e6",
            "block_device_mappings": [
              {
                "device_name": "/dev/sda1",
                "ebs": {
                  "delete_on_termination": "true",
                  "encrypted": "false",
                  "iops": "0",
                  "snapshot_id": "snap-01a042ee8ac5da832",
                  "throughput": "0",
                  "volume_size": "8",
                  "volume_type": "gp2"
                },
                "no_device": "",
                "virtual_name": ""
              },
              {
                "device_name": "/dev/sdb",
                "ebs": {},
                "no_device": "",
                "virtual_name": "ephemeral0"
              },
              {
                "device_name": "/dev/sdc",
                "ebs": {},
                "no_device": "",
                "virtual_name": "ephemeral1"
              }
            ],
            "boot_mode": "legacy-bios",
            "creation_date": "2025-06-25T05:33:11.000Z",
            "deprecation_time": "2027-06-25T05:33:11.000Z",
            "description": "Canonical, Ubuntu, 20.04, amd64 focal image",
            "ena_support": true,
            "executable_users": null,
            "filter": [
              {
                "name": "name",
                "values": [
                  "ubuntu/images/hvm-ssd/ubuntu-focal-20.04-amd64-server-*"
                ]
              },
              {
                "name": "virtualization-type",
                "values": [
                  "hvm"
                ]
              }
            ],
            "hypervisor": "xen",
            "id": "ami-0fb0b230890ccd1e6",
            "image_id": "ami-0fb0b230890ccd1e6",
            "image_location": "amazon/ubuntu/images/hvm-ssd/ubuntu-focal-20.04-amd64-server-20250624",
            "image_owner_alias": "amazon",
            "image_type": "machine",
            "imds_support": "",
            "include_deprecated": false,
            "kernel_id": "",
            "most_recent": true,
            "name": "ubuntu/images/hvm-ssd/ubuntu-focal-20.04-amd64-server-20250624",
            "name_regex": null,
            "owner_id": "099720109477",
            "owners": [
              "099720109477"
            ],
            "platform": "",
            "platform_details": "Linux/UNIX",
            "product_codes": [],
            "public": true,
            "ramdisk_id": "",
            "root_device_name": "/dev/sda1",
            "root_device_type": "ebs",
            "root_snapshot_id": "snap-01a042ee8ac5da832",
            "sriov_net_support": "simple",
            "state": "available",
            "state_reason": {
              "code": "UNSET",
              "message": "UNSET"
            },
            "tags": {},
            "timeouts": null,
            "tpm_support": "",
            "usage_operation": "RunInstances",
            "virtualization_type": "hvm"
          },
          "sensitive_attributes": [],
          "identity_schema_version": 0
        }
      ]
    },
    {
      "mode": "managed",
      "type": "null_resource",
      "name": "ansible_provisioner",
      "provider": "provider[\"registry.terraform.io/hashicorp/null\"]",
      "instances": [
        {
          "schema_version": 0,
          "attributes": {
            "id": "1216487895444994623",
            "triggers": null
          },
          "sensitive_attributes": [],
          "identity_schema_version": 0,
          "dependencies": [
            "data.aws_ami.ubuntu",
            "module.ec2.aws_instance.docker",
            "module.ec2.aws_instance.web",
            "module.keypair.aws_key_pair.generated",
            "module.keypair.local_file.pem",
            "module.keypair.tls_private_key.ssh",
            "module.sg.aws_security_group.main",
            "module.vpc.aws_subnet.public",
            "module.vpc.aws_vpc.main"
          ]
        }
      ]
    },
    {
      "module": "module.ec2",
      "mode": "managed",
      "type": "aws_instance",
      "name": "docker",
      "provider": "provider[\"registry.terraform.io/hashicorp/aws\"]",
      "instances": [
        {
          "schema_version": 1,
          "attributes": {
            "ami": "ami-0fb0b230890ccd1e6",
            "arn": "arn:aws:ec2:us-east-1:713881826781:instance/i-0688ad9e19c0b5ca6",
            "associate_public_ip_address": true,
            "availability_zone": "us-east-1a",
            "capacity_reservation_specification": [
              {
                "capacity_reservation_preference": "open",
                "capacity_reservation_target": []
              }
            ],
            "cpu_core_count": 1,
            "cpu_options": [
              {
                "amd_sev_snp": "",
                "core_count": 1,
                "threads_per_core": 1
              }
            ],
            "cpu_threads_per_core": 1,
            "credit_specification": [
              {
                "cpu_credits": "standard"
              }
            ],
            "disable_api_stop": false,
            "disable_api_termination": false,
            "ebs_block_device": [],
            "ebs_optimized": false,
            "enclave_options": [
              {
                "enabled": false
              }
            ],
            "ephemeral_block_device": [],
            "get_password_data": false,
            "hibernation": false,
            "host_id": "",
            "host_resource_group_arn": null,
            "iam_instance_profile": "",
            "id": "i-0688ad9e19c0b5ca6",
            "instance_initiated_shutdown_behavior": "stop",
            "instance_lifecycle": "",
            "instance_market_options": [],
            "instance_state": "running",
            "instance_type": "t2.micro",
            "ipv6_address_count": 0,
            "ipv6_addresses": [],
            "key_name": "tf-key",
            "launch_template": [],
            "maintenance_options": [
              {
                "auto_recovery": "default"
              }
            ],
            "metadata_options": [
              {
                "http_endpoint": "enabled",
                "http_protocol_ipv6": "disabled",
                "http_put_response_hop_limit": 1,
                "http_tokens": "optional",
                "instance_metadata_tags": "disabled"
              }
            ],
            "monitoring": false,
            "network_interface": [],
            "outpost_arn": "",
            "password_data": "",
            "placement_group": "",
            "placement_partition_number": 0,
            "primary_network_interface_id": "eni-0323dc4a866ce63b6",
            "private_dns": "ip-10-0-1-103.ec2.internal",
            "private_dns_name_options": [
              {
                "enable_resource_name_dns_a_record": false,
                "enable_resource_name_dns_aaaa_record": false,
                "hostname_type": "ip-name"
              }
            ],
            "private_ip": "10.0.1.103",
            "public_dns": "",
            "public_ip": "44.193.12.105",
            "root_block_device": [
              {
                "delete_on_termination": true,
                "device_name": "/dev/sda1",
                "encrypted": false,
                "iops": 100,
                "kms_key_id": "",
                "tags": {},
                "tags_all": {},
                "throughput": 0,
                "volume_id": "vol-0ed2996714431822e",
                "volume_size": 8,
                "volume_type": "gp2"
              }
            ],
            "secondary_private_ips": [],
            "security_groups": [],
            "source_dest_check": true,
            "spot_instance_request_id": "",
            "subnet_id": "subnet-02f6563e26f5f3066",
            "tags": {
              "Name": "docker-instance"
            },
            "tags_all": {
              "Name": "docker-instance"
            },
            "tenancy": "default",
            "timeouts": null,
            "user_data": null,
            "user_data_base64": null,
            "user_data_replace_on_change": false,
            "volume_tags": null,
            "vpc_security_group_ids": [
              "sg-09229897b592adef3"
            ]
          },
          "sensitive_attributes": [],
          "identity_schema_version": 0,
          "private": "eyJlMmJmYjczMC1lY2FhLTExZTYtOGY4OC0zNDM2M2JjN2M0YzAiOnsiY3JlYXRlIjo2MDAwMDAwMDAwMDAsImRlbGV0ZSI6MTIwMDAwMDAwMDAwMCwicmVhZCI6OTAwMDAwMDAwMDAwLCJ1cGRhdGUiOjYwMDAwMDAwMDAwMH0sInNjaGVtYV92ZXJzaW9uIjoiMSJ9",
          "dependencies": [
            "data.aws_ami.ubuntu",
            "module.keypair.aws_key_pair.generated",
            "module.keypair.tls_private_key.ssh",
            "module.sg.aws_security_group.main",
            "module.vpc.aws_subnet.public",
            "module.vpc.aws_vpc.main"
          ]
        }
      ]
    },
    {
      "module": "module.ec2",
      "mode": "managed",
      "type": "aws_instance",
      "name": "web",
      "provider": "provider[\"registry.terraform.io/hashicorp/aws\"]",
      "instances": [
        {
          "schema_version": 1,
          "attributes": {
            "ami": "ami-0fb0b230890ccd1e6",
            "arn": "arn:aws:ec2:us-east-1:713881826781:instance/i-0157b05fbc3c71bea",
            "associate_public_ip_address": true,
            "availability_zone": "us-east-1a",
            "capacity_reservation_specification": [
              {
                "capacity_reservation_preference": "open",
                "capacity_reservation_target": []
              }
            ],
            "cpu_core_count": 1,
            "cpu_options": [
              {
                "amd_sev_snp": "",
                "core_count": 1,
                "threads_per_core": 1
              }
            ],
            "cpu_threads_per_core": 1,
            "credit_specification": [
              {
                "cpu_credits": "standard"
              }
            ],
            "disable_api_stop": false,
            "disable_api_termination": false,
            "ebs_block_device": [],
            "ebs_optimized": false,
            "enclave_options": [
              {
                "enabled": false
              }
            ],
            "ephemeral_block_device": [],
            "get_password_data": false,
            "hibernation": false,
            "host_id": "",
            "host_resource_group_arn": null,
            "iam_instance_profile": "",
            "id": "i-0157b05fbc3c71bea",
            "instance_initiated_shutdown_behavior": "stop",
            "instance_lifecycle": "",
            "instance_market_options": [],
            "instance_state": "running",
            "instance_type": "t2.micro",
            "ipv6_address_count": 0,
            "ipv6_addresses": [],
            "key_name": "tf-key",
            "launch_template": [],
            "maintenance_options": [
              {
                "auto_recovery": "default"
              }
            ],
            "metadata_options": [
              {
                "http_endpoint": "enabled",
                "http_protocol_ipv6": "disabled",
                "http_put_response_hop_limit": 1,
                "http_tokens": "optional",
                "instance_metadata_tags": "disabled"
              }
            ],
            "monitoring": false,
            "network_interface": [],
            "outpost_arn": "",
            "password_data": "",
            "placement_group": "",
            "placement_partition_number": 0,
            "primary_network_interface_id": "eni-07c428bccd34adae6",
            "private_dns": "ip-10-0-1-44.ec2.internal",
            "private_dns_name_options": [
              {
                "enable_resource_name_dns_a_record": false,
                "enable_resource_name_dns_aaaa_record": false,
                "hostname_type": "ip-name"
              }
            ],
            "private_ip": "10.0.1.44",
            "public_dns": "",
            "public_ip": "3.218.145.60",
            "root_block_device": [
              {
                "delete_on_termination": true,
                "device_name": "/dev/sda1",
                "encrypted": false,
                "iops": 100,
                "kms_key_id": "",
                "tags": {},
                "tags_all": {},
                "throughput": 0,
                "volume_id": "vol-0a4ae768e5b8dc832",
                "volume_size": 8,
                "volume_type": "gp2"
              }
            ],
            "secondary_private_ips": [],
            "security_groups": [],
            "source_dest_check": true,
            "spot_instance_request_id": "",
            "subnet_id": "subnet-02f6563e26f5f3066",
            "tags": {
              "Name": "web-instance"
            },
            "tags_all": {
              "Name": "web-instance"
            },
            "tenancy": "default",
            "timeouts": null,
            "user_data": null,
            "user_data_base64": null,
            "user_data_replace_on_change": false,
            "volume_tags": null,
            "vpc_security_group_ids": [
              "sg-09229897b592adef3"
            ]
          },
          "sensitive_attributes": [],
          "identity_schema_version": 0,
          "private": "eyJlMmJmYjczMC1lY2FhLTExZTYtOGY4OC0zNDM2M2JjN2M0YzAiOnsiY3JlYXRlIjo2MDAwMDAwMDAwMDAsImRlbGV0ZSI6MTIwMDAwMDAwMDAwMCwicmVhZCI6OTAwMDAwMDAwMDAwLCJ1cGRhdGUiOjYwMDAwMDAwMDAwMH0sInNjaGVtYV92ZXJzaW9uIjoiMSJ9",
          "dependencies": [
            "data.aws_ami.ubuntu",
            "module.keypair.aws_key_pair.generated",
            "module.keypair.tls_private_key.ssh",
            "module.sg.aws_security_group.main",
            "module.vpc.aws_subnet.public",
            "module.vpc.aws_vpc.main"
          ]
        }
      ]
    },
    {
      "module": "module.keypair",
      "mode": "managed",
      "type": "aws_key_pair",
      "name": "generated",
      "provider": "provider[\"registry.terraform.io/hashicorp/aws\"]",
      "instances": [
        {
          "schema_version": 1,
          "attributes": {
            "arn": "arn:aws:ec2:us-east-1:713881826781:key-pair/tf-key",
            "fingerprint": "81:16:78:08:e7:50:ad:4f:cc:13:60:4e:fd:c5:0e:e4",
            "id": "tf-key",
            "key_name": "tf-key",
            "key_name_prefix": "",
            "key_pair_id": "key-028587bf25dadf0b6",
            "key_type": "rsa",
            "public_key": "ssh-rsa AAAAB3NzaC1yc2EAAAADAQABAAACAQCwWJR3C6d4M0OfKjwKiWPCDoYQ5JNRwdsJWuqv9zrqn9ZuvBU8b1viiQG7jgthiwmHOyhPw+uafrfkELBXFLEexpwLJu+bQMd5bvXkVodEmhSC8Nvw5Cs8pheSI15wctW58i6dn9qbUZXwybyuKwXhFY2zjy3BH6ssAgx8kvcWPNzh2q3Lyc6TLRvQcmgKCOUgUzC9VzqUh6e7gI6HE6UiH2T2KGIe+PljzxT6ap3+OcplmWE1ciQvghk5FUILUXl80pbl44C4m9ZVFoSgqclPkbJOWr6xXT8IhkGzV7Et6S/N/Ni9qxlefpxiXuedbVwMeGnPoktMfMiLz5AW/Ioc7qaKWGS1njv7B43CE8tBucwdLLDcVt2axqFDve0qtO5GzzWtqnvm0q0p1wp3uBTrw0AgOqj5ods407AZZPBCh9q4FBAvlneDtjOU2c3EuwRTR38iqHkUQSJQ1NcdGPNH1n4LHJgv8ORyz/JbEfMlJn7MR+Mf2FZR++Fxk81e7tmvSfQPOhe0vGmUA4ejkGLaCjJU6tGBQe8gGie23Q0Big8zUhMv54t+FYj1llYlhntPFmelFsykH5M1LN4w2b6aLOeS/DLmJbDhLJQUnge/bg1165LLyfjMU+ehKWuaTCBeA1qWYw5B3vDEYn0LIOeC99gsIe5JibEYehqmuf3Hvw==",
            "tags": {},
            "tags_all": {}
          },
          "sensitive_attributes": [],
          "identity_schema_version": 0,
          "private": "eyJzY2hlbWFfdmVyc2lvbiI6IjEifQ==",
          "dependencies": [
            "module.keypair.tls_private_key.ssh"
          ]
        }
      ]
    },
    {
      "module": "module.keypair",
      "mode": "managed",
      "type": "local_file",
      "name": "pem",
      "provider": "provider[\"registry.terraform.io/hashicorp/local\"]",
      "instances": [
        {
          "schema_version": 0,
          "attributes": {
            "content": "-----BEGIN RSA PRIVATE KEY-----\nMIIJKAIBAAKCAgEAsFiUdwuneDNDnyo8Coljwg6GEOSTUcHbCVrqr/c66p/WbrwV\nPG9b4okBu44LYYsJhzsoT8Prmn635BCwVxSxHsacCybvm0DHeW715FaHRJoUgvDb\n8OQrPKYXkiNecHLVufIunZ/am1GV8Mm8risF4RWNs48twR+rLAIMfJL3Fjzc4dqt\ny8nOky0b0HJoCgjlIFMwvVc6lIenu4COhxOlIh9k9ihiHvj5Y88U+mqd/jnKZZlh\nNXIkL4IZORVCC1F5fNKW5eOAuJvWVRaEoKnJT5GyTlq+sV0/CIZBs1exLekvzfzY\nvasZXn6cYl7nnW1cDHhpz6JLTHzIi8+QFvyKHO6milhktZ47+weNwhPLQbnMHSyw\n3FbdmsahQ73tKrTuRs81rap75tKtKdcKd7gU68NAIDqo+aHbONOwGWTwQofauBQQ\nL5Z3g7YzlNnNxLsEU0d/Iqh5FEEiUNTXHRjzR9Z+CxyYL/Dkcs/yWxHzJSZ+zEfj\nH9hWUfvhcZPNXu7Zr0n0DzoXtLxplAOHo5Bi2goyVOrRgUHvIBontt0NAYoPM1IT\nL+eLfhWI9ZZWJYZ7TxZnpRbMpB+TNSzeMNm+miznkvwy5iWw4SyUFJ4Hv24NdeuS\ny8n4zFPnoSlrmkwgXgNalmMOQd7wxGJ9CyDngvfYLCHuSYmxGHoaprn9x78CAwEA\nAQKCAgAWuM3QalEBcjbeqvYiNBewKRI/L6SHyUmsHT8raINP40PMRYca9WJKgHVt\nBt1n4R6w16osX5sw70OfKu39xRhuqw/veUHa/ZrLhm+VJKJjRX3VGAHO5SdpC3by\ns9n29TpIA5uGtdKDZsdsx3b8nhCGMwfCFiBtcjjU/80/aT8AajEvwhnYrepkblCC\nKEDy4g3b1LxCo/BUCQf6EejLdiLgkFkARVh3PdoBxpdLuNxzUFudgbN+dnQ70YXn\nJAURfkWqvrEGHVfi8Y7JVzsZlHxFjglX1+Ya5l/j0ktkN1gItAjJKtt70jBU9k1i\nI3EGiNEZI5QcASu18ZzJiaIQRClAtaDUP7kYSB2WhTjJ6e7FD/0bt7j9Q5scDKDT\n6hQbAIK5djXLQj050+WWtij6e59Z/z7Q+k5BDqnxoWnyHj01MjGLGUm8sk+4NKi/\ncQ9ENxS5t15fRNNomMunTn1h1FZpXHBSl7q+Z+N3mDIai2rJZinCP7FGeyOPsXEN\ntmkTOClxTL777YSuL2wF9kpyKsuVDQ9+cpBLmoAMyiVIvWPayWaDYMyOu3W/jp1v\nJVBLur8zJ17rikEgLYO/lE4M3YjBe4ZRaOiH8kvwStpEgbxFnACs2In3qNKHn4LX\njxVgkgxuCbrWNlc9km+xpbPeL3X2765weGNZDoHr7IT6R+maeQKCAQEA3Xo6BwTU\nXAkbf/FFFf/QSNu0KR1V2RKHDb7mKZ5EoAcW2tqaFZyM14Q249rhQkHuf+FxFxf0\nXTCFINHTpgGdX2DjnYRIasGS1aetKrrhjZBvbNso7Vh9hBJdLXl804dUP5QRpRQ/\nddAjuqH+i46ya8hNK1R3PCzuxRHoL38YLmeb+xPEbP1aLkJvphv/8OKMwbMhvCzV\ny9Vbjid1WmE0Yso15y0kSgx9xw3zQzYKAu5N7RI3HH1ISJbDMo7+U653StHqChCI\nTJaLV2o0m0qr1VjD77Mscve4Xt7rIDrz0Rw8W/IwjEyE0HOZWOtotQ57P7hFLm0k\nSTDV2vTkYeNhhQKCAQEAy9Vw/flw/coFP7O3aLWTQEQuyB1p9LZcf8WzRqM0pH0k\nYsUJndoA8ua9gAD+EqejepTP3do5IbEmfsmr76Pz/P17+aisbTYcuRtG/mPIawQ9\n3r2aitAlrFSN4MOCU8jExAD0BLpkrHVJLovPKj3HxyNCLrsoVGRRNMmE8QUNxTSU\nh7sIi4p40/RkJpivazk0eaSil6qTjE134aRZzbdJLeZPHs6TG5tjAUu2hYxN/TEM\nZs121b0UhEaTWBvYv/VOUVdJT8XLo2gB+WzKzKQYfULVDZ/PmXjF4bLK+f5TaU+8\nxuuT5NcQQ51zy1gtttXa6ZwFqq4ukDu2XZjGVDnlcwKCAQEAvlRLibycwnsRJuIw\nfLdaR0KHkM2k+ObzKNzk7t8UGnH9MhaqU+g1IQB+K1HuQwJl83/JsA7l8S/BOHMZ\nb4/zrgOVl8gWc6fmh7WRGyd+rilxmBq/ETj6pIUjjfDZVO73d6vHfhXoc1ZrXffY\nyBXZPsbjilkMHqp+htzcq/SM01Q2t45FP2R6G0b8q8NkL56BV/SZCR1+nay9AWzn\nbMQcQMmFiSVCCmCxtl5Gr3vBHsOsNA9zTQhdFgR5uvknlsJXwfSjLAMJHshA9t5O\nVyXUhYPC3jsb97DqwJzRcuE2pn2dYWbAUdFwUbMGFWQ4l1/aiufQjBU/GabeIUxS\n98xwAQKCAQAQ+O/Upf2LlFPFjyBZfq0JL+Q5U4GsF7cyCHM6EYLjo2vxMXjwhOOJ\nVj83Nl3xjbXmEhgQ4Afbz1VmP0KqzJsXWMAG9M2Otm/D1gqeSg65InxIXL9OibBp\nXg0GRyFF+rSvoWiwMBkL5yQ11PxmBwjogv4SyBC+ni/I1nLUYthXsF4hwygd/mS7\nOWFReWs54WSGMHg9ar2odBbkWfwEThuwz7mM1iSXquOeiwBitGEWEQx4TulzOLBJ\np1rDfmYY7cMcsMjw9IZVT+bCLxXf3lYPsA3veXweylinx2xxToUBgts0MQ96gZHg\nH28x4mDEFaCJzS0HnkNQTTiNKJhzEPMTAoIBAGxp3OS/xNz4rvcFoiluHvMd+X8J\nZ+85T88qZHYinIW5Z2bStbcE0R1lOohLOu++8HW1xVjCfjaqk7TScMXnpQQKwY3c\nAZN25DkaX4ljjDSSwV/0FVfO8uaGtTw8B71KZB3Ku0Xinak1VUnrEHlUKoN3qESU\nMyIo1P1TgnITq+r8xx/kBksjUQGVEZd1ZItyBwvrvgOnYpZy9EQIHPlxsWlQFhkp\nxA6A2AkJSLXS4adk7ICKcBJwCHz4iIS1EkSf/7ApVlvoDvVYTYtGFrXx/totrpNK\nstnwSKKW13mdBka6LBKZzMjOcjlC6mwv9F1OUXUcOFMcxfxyCqeac4FlL8w=\n-----END RSA PRIVATE KEY-----\n",
            "content_base64": null,
            "content_base64sha256": "YVAHZX9QqGQVzGR2BoV7yQ9M96vMMx3J7g24lLObUf8=",
            "content_base64sha512": "qgA5eB/7OiKnGK++TTB0VXHdT6ix1JDKIv1z9xLHxxK0Ch4ReNU4hqD2l5PmbpMbjsNt/yidfYeQpuHtOVUm3Q==",
            "content_md5": "db595878a9529447626eecc49b754a4b",
            "content_sha1": "9c49c2f1b62d52ddf3ae21676fdce50c0cab2470",
            "content_sha256": "615007657f50a86415cc647606857bc90f4cf7abcc331dc9ee0db894b39b51ff",
            "content_sha512": "aa0039781ffb3a22a718afbe4d30745571dd4fa8b1d490ca22fd73f712c7c712b40a1e1178d53886a0f69793e66e931b8ec36dff289d7d8790a6e1ed395526dd",
            "directory_permission": "0777",
            "file_permission": "0777",
            "filename": "modules/keypair/../../tf-key.pem",
            "id": "9c49c2f1b62d52ddf3ae21676fdce50c0cab2470",
            "sensitive_content": null,
            "source": null
          },
          "sensitive_attributes": [
            [
              {
                "type": "get_attr",
                "value": "content"
              }
            ],
            [
              {
                "type": "get_attr",
                "value": "sensitive_content"
              }
            ]
          ],
          "identity_schema_version": 0,
          "dependencies": [
            "module.keypair.tls_private_key.ssh"
          ]
        }
      ]
    },
    {
      "module": "module.keypair",
      "mode": "managed",
      "type": "tls_private_key",
      "name": "ssh",
      "provider": "provider[\"registry.terraform.io/hashicorp/tls\"]",
      "instances": [
        {
          "schema_version": 1,
          "attributes": {
            "algorithm": "RSA",
            "ecdsa_curve": "P224",
            "id": "976001a36c693b652faa1905f08820bc073ef806",
            "private_key_openssh": "-----BEGIN OPENSSH PRIVATE KEY-----\nb3BlbnNzaC1rZXktdjEAAAAABG5vbmUAAAAEbm9uZQAAAAAAAAABAAACFwAAAAdz\nc2gtcnNhAAAAAwEAAQAAAgEAsFiUdwuneDNDnyo8Coljwg6GEOSTUcHbCVrqr/c6\n6p/WbrwVPG9b4okBu44LYYsJhzsoT8Prmn635BCwVxSxHsacCybvm0DHeW715FaH\nRJoUgvDb8OQrPKYXkiNecHLVufIunZ/am1GV8Mm8risF4RWNs48twR+rLAIMfJL3\nFjzc4dqty8nOky0b0HJoCgjlIFMwvVc6lIenu4COhxOlIh9k9ihiHvj5Y88U+mqd\n/jnKZZlhNXIkL4IZORVCC1F5fNKW5eOAuJvWVRaEoKnJT5GyTlq+sV0/CIZBs1ex\nLekvzfzYvasZXn6cYl7nnW1cDHhpz6JLTHzIi8+QFvyKHO6milhktZ47+weNwhPL\nQbnMHSyw3FbdmsahQ73tKrTuRs81rap75tKtKdcKd7gU68NAIDqo+aHbONOwGWTw\nQofauBQQL5Z3g7YzlNnNxLsEU0d/Iqh5FEEiUNTXHRjzR9Z+CxyYL/Dkcs/yWxHz\nJSZ+zEfjH9hWUfvhcZPNXu7Zr0n0DzoXtLxplAOHo5Bi2goyVOrRgUHvIBontt0N\nAYoPM1ITL+eLfhWI9ZZWJYZ7TxZnpRbMpB+TNSzeMNm+miznkvwy5iWw4SyUFJ4H\nv24NdeuSy8n4zFPnoSlrmkwgXgNalmMOQd7wxGJ9CyDngvfYLCHuSYmxGHoaprn9\nx78AAAc4cUfQNHFH0DQAAAAHc3NoLXJzYQAAAgEAsFiUdwuneDNDnyo8Coljwg6G\nEOSTUcHbCVrqr/c66p/WbrwVPG9b4okBu44LYYsJhzsoT8Prmn635BCwVxSxHsac\nCybvm0DHeW715FaHRJoUgvDb8OQrPKYXkiNecHLVufIunZ/am1GV8Mm8risF4RWN\ns48twR+rLAIMfJL3Fjzc4dqty8nOky0b0HJoCgjlIFMwvVc6lIenu4COhxOlIh9k\n9ihiHvj5Y88U+mqd/jnKZZlhNXIkL4IZORVCC1F5fNKW5eOAuJvWVRaEoKnJT5Gy\nTlq+sV0/CIZBs1exLekvzfzYvasZXn6cYl7nnW1cDHhpz6JLTHzIi8+QFvyKHO6m\nilhktZ47+weNwhPLQbnMHSyw3FbdmsahQ73tKrTuRs81rap75tKtKdcKd7gU68NA\nIDqo+aHbONOwGWTwQofauBQQL5Z3g7YzlNnNxLsEU0d/Iqh5FEEiUNTXHRjzR9Z+\nCxyYL/Dkcs/yWxHzJSZ+zEfjH9hWUfvhcZPNXu7Zr0n0DzoXtLxplAOHo5Bi2goy\nVOrRgUHvIBontt0NAYoPM1ITL+eLfhWI9ZZWJYZ7TxZnpRbMpB+TNSzeMNm+mizn\nkvwy5iWw4SyUFJ4Hv24NdeuSy8n4zFPnoSlrmkwgXgNalmMOQd7wxGJ9CyDngvfY\nLCHuSYmxGHoaprn9x78AAAADAQABAAACABa4zdBqUQFyNt6q9iI0F7ApEj8vpIfJ\nSawdPytog0/jQ8xFhxr1YkqAdW0G3WfhHrDXqixfmzDvQ58q7f3FGG6rD+95Qdr9\nmsuGb5UkomNFfdUYAc7lJ2kLdvKz2fb1OkgDm4a10oNmx2zHdvyeEIYzB8IWIG1y\nONT/zT9pPwBqMS/CGdit6mRuUIIoQPLiDdvUvEKj8FQJB/oR6Mt2IuCQWQBFWHc9\n2gHGl0u43HNQW52Bs352dDvRheckBRF+Raq+sQYdV+LxjslXOxmUfEWOCVfX5hrm\nX+PSS2Q3WAi0CMkq23vSMFT2TWIjcQaI0RkjlBwBK7XxnMmJohBEKUC1oNQ/uRhI\nHZaFOMnp7sUP/Ru3uP1DmxwMoNPqFBsAgrl2NctCPTnT5Za2KPp7n1n/PtD6TkEO\nqfGhafIePTUyMYsZSbyyT7g0qL9xD0Q3FLm3Xl9E02iYy6dOfWHUVmlccFKXur5n\n43eYMhqLaslmKcI/sUZ7I4+xcQ22aRM4KXFMvvvthK4vbAX2SnIqy5UND35ykEua\ngAzKJUi9Y9rJZoNgzI67db+OnW8lUEu6vzMnXuuKQSAtg7+UTgzdiMF7hlFo6Ify\nS/BK2kSBvEWcAKzYifeo0oefgtePFWCSDG4JutY2Vz2Sb7Gls94vdfbvrnB4Y1kO\ngevshPpH6Zp5AAABAGxp3OS/xNz4rvcFoiluHvMd+X8JZ+85T88qZHYinIW5Z2bS\ntbcE0R1lOohLOu++8HW1xVjCfjaqk7TScMXnpQQKwY3cAZN25DkaX4ljjDSSwV/0\nFVfO8uaGtTw8B71KZB3Ku0Xinak1VUnrEHlUKoN3qESUMyIo1P1TgnITq+r8xx/k\nBksjUQGVEZd1ZItyBwvrvgOnYpZy9EQIHPlxsWlQFhkpxA6A2AkJSLXS4adk7ICK\ncBJwCHz4iIS1EkSf/7ApVlvoDvVYTYtGFrXx/totrpNKstnwSKKW13mdBka6LBKZ\nzMjOcjlC6mwv9F1OUXUcOFMcxfxyCqeac4FlL8wAAAEBAN16OgcE1FwJG3/xRRX/\n0EjbtCkdVdkShw2+5imeRKAHFtramhWcjNeENuPa4UJB7n/hcRcX9F0whSDR06YB\nnV9g452ESGrBktWnrSq64Y2Qb2zbKO1YfYQSXS15fNOHVD+UEaUUP3XQI7qh/ouO\nsmvITStUdzws7sUR6C9/GC5nm/sTxGz9Wi5Cb6Yb//DijMGzIbws1cvVW44ndVph\nNGLKNectJEoMfccN80M2CgLuTe0SNxx9SEiWwzKO/lOud0rR6goQiEyWi1dqNJtK\nq9VYw++zLHL3uF7e6yA689EcPFvyMIxMhNBzmVjraLUOez+4RS5tJEkw1dr05GHj\nYYUAAAEBAMvVcP35cP3KBT+zt2i1k0BELsgdafS2XH/Fs0ajNKR9JGLFCZ3aAPLm\nvYAA/hKno3qUz93aOSGxJn7Jq++j8/z9e/morG02HLkbRv5jyGsEPd69morQJaxU\njeDDglPIxMQA9AS6ZKx1SS6Lzyo9x8cjQi67KFRkUTTJhPEFDcU0lIe7CIuKeNP0\nZCaYr2s5NHmkopeqk4xNd+GkWc23SS3mTx7OkxubYwFLtoWMTf0xDGbNdtW9FIRG\nk1gb2L/1TlFXSU/Fy6NoAflsysykGH1C1Q2fz5l4xeGyyvn+U2lPvMbrk+TXEEOd\nc8tYLbbV2umcBaquLpA7tl2YxlQ55XMAAAAAAQID\n-----END OPENSSH PRIVATE KEY-----\n",
            "private_key_pem": "-----BEGIN RSA PRIVATE KEY-----\nMIIJKAIBAAKCAgEAsFiUdwuneDNDnyo8Coljwg6GEOSTUcHbCVrqr/c66p/WbrwV\nPG9b4okBu44LYYsJhzsoT8Prmn635BCwVxSxHsacCybvm0DHeW715FaHRJoUgvDb\n8OQrPKYXkiNecHLVufIunZ/am1GV8Mm8risF4RWNs48twR+rLAIMfJL3Fjzc4dqt\ny8nOky0b0HJoCgjlIFMwvVc6lIenu4COhxOlIh9k9ihiHvj5Y88U+mqd/jnKZZlh\nNXIkL4IZORVCC1F5fNKW5eOAuJvWVRaEoKnJT5GyTlq+sV0/CIZBs1exLekvzfzY\nvasZXn6cYl7nnW1cDHhpz6JLTHzIi8+QFvyKHO6milhktZ47+weNwhPLQbnMHSyw\n3FbdmsahQ73tKrTuRs81rap75tKtKdcKd7gU68NAIDqo+aHbONOwGWTwQofauBQQ\nL5Z3g7YzlNnNxLsEU0d/Iqh5FEEiUNTXHRjzR9Z+CxyYL/Dkcs/yWxHzJSZ+zEfj\nH9hWUfvhcZPNXu7Zr0n0DzoXtLxplAOHo5Bi2goyVOrRgUHvIBontt0NAYoPM1IT\nL+eLfhWI9ZZWJYZ7TxZnpRbMpB+TNSzeMNm+miznkvwy5iWw4SyUFJ4Hv24NdeuS\ny8n4zFPnoSlrmkwgXgNalmMOQd7wxGJ9CyDngvfYLCHuSYmxGHoaprn9x78CAwEA\nAQKCAgAWuM3QalEBcjbeqvYiNBewKRI/L6SHyUmsHT8raINP40PMRYca9WJKgHVt\nBt1n4R6w16osX5sw70OfKu39xRhuqw/veUHa/ZrLhm+VJKJjRX3VGAHO5SdpC3by\ns9n29TpIA5uGtdKDZsdsx3b8nhCGMwfCFiBtcjjU/80/aT8AajEvwhnYrepkblCC\nKEDy4g3b1LxCo/BUCQf6EejLdiLgkFkARVh3PdoBxpdLuNxzUFudgbN+dnQ70YXn\nJAURfkWqvrEGHVfi8Y7JVzsZlHxFjglX1+Ya5l/j0ktkN1gItAjJKtt70jBU9k1i\nI3EGiNEZI5QcASu18ZzJiaIQRClAtaDUP7kYSB2WhTjJ6e7FD/0bt7j9Q5scDKDT\n6hQbAIK5djXLQj050+WWtij6e59Z/z7Q+k5BDqnxoWnyHj01MjGLGUm8sk+4NKi/\ncQ9ENxS5t15fRNNomMunTn1h1FZpXHBSl7q+Z+N3mDIai2rJZinCP7FGeyOPsXEN\ntmkTOClxTL777YSuL2wF9kpyKsuVDQ9+cpBLmoAMyiVIvWPayWaDYMyOu3W/jp1v\nJVBLur8zJ17rikEgLYO/lE4M3YjBe4ZRaOiH8kvwStpEgbxFnACs2In3qNKHn4LX\njxVgkgxuCbrWNlc9km+xpbPeL3X2765weGNZDoHr7IT6R+maeQKCAQEA3Xo6BwTU\nXAkbf/FFFf/QSNu0KR1V2RKHDb7mKZ5EoAcW2tqaFZyM14Q249rhQkHuf+FxFxf0\nXTCFINHTpgGdX2DjnYRIasGS1aetKrrhjZBvbNso7Vh9hBJdLXl804dUP5QRpRQ/\nddAjuqH+i46ya8hNK1R3PCzuxRHoL38YLmeb+xPEbP1aLkJvphv/8OKMwbMhvCzV\ny9Vbjid1WmE0Yso15y0kSgx9xw3zQzYKAu5N7RI3HH1ISJbDMo7+U653StHqChCI\nTJaLV2o0m0qr1VjD77Mscve4Xt7rIDrz0Rw8W/IwjEyE0HOZWOtotQ57P7hFLm0k\nSTDV2vTkYeNhhQKCAQEAy9Vw/flw/coFP7O3aLWTQEQuyB1p9LZcf8WzRqM0pH0k\nYsUJndoA8ua9gAD+EqejepTP3do5IbEmfsmr76Pz/P17+aisbTYcuRtG/mPIawQ9\n3r2aitAlrFSN4MOCU8jExAD0BLpkrHVJLovPKj3HxyNCLrsoVGRRNMmE8QUNxTSU\nh7sIi4p40/RkJpivazk0eaSil6qTjE134aRZzbdJLeZPHs6TG5tjAUu2hYxN/TEM\nZs121b0UhEaTWBvYv/VOUVdJT8XLo2gB+WzKzKQYfULVDZ/PmXjF4bLK+f5TaU+8\nxuuT5NcQQ51zy1gtttXa6ZwFqq4ukDu2XZjGVDnlcwKCAQEAvlRLibycwnsRJuIw\nfLdaR0KHkM2k+ObzKNzk7t8UGnH9MhaqU+g1IQB+K1HuQwJl83/JsA7l8S/BOHMZ\nb4/zrgOVl8gWc6fmh7WRGyd+rilxmBq/ETj6pIUjjfDZVO73d6vHfhXoc1ZrXffY\nyBXZPsbjilkMHqp+htzcq/SM01Q2t45FP2R6G0b8q8NkL56BV/SZCR1+nay9AWzn\nbMQcQMmFiSVCCmCxtl5Gr3vBHsOsNA9zTQhdFgR5uvknlsJXwfSjLAMJHshA9t5O\nVyXUhYPC3jsb97DqwJzRcuE2pn2dYWbAUdFwUbMGFWQ4l1/aiufQjBU/GabeIUxS\n98xwAQKCAQAQ+O/Upf2LlFPFjyBZfq0JL+Q5U4GsF7cyCHM6EYLjo2vxMXjwhOOJ\nVj83Nl3xjbXmEhgQ4Afbz1VmP0KqzJsXWMAG9M2Otm/D1gqeSg65InxIXL9OibBp\nXg0GRyFF+rSvoWiwMBkL5yQ11PxmBwjogv4SyBC+ni/I1nLUYthXsF4hwygd/mS7\nOWFReWs54WSGMHg9ar2odBbkWfwEThuwz7mM1iSXquOeiwBitGEWEQx4TulzOLBJ\np1rDfmYY7cMcsMjw9IZVT+bCLxXf3lYPsA3veXweylinx2xxToUBgts0MQ96gZHg\nH28x4mDEFaCJzS0HnkNQTTiNKJhzEPMTAoIBAGxp3OS/xNz4rvcFoiluHvMd+X8J\nZ+85T88qZHYinIW5Z2bStbcE0R1lOohLOu++8HW1xVjCfjaqk7TScMXnpQQKwY3c\nAZN25DkaX4ljjDSSwV/0FVfO8uaGtTw8B71KZB3Ku0Xinak1VUnrEHlUKoN3qESU\nMyIo1P1TgnITq+r8xx/kBksjUQGVEZd1ZItyBwvrvgOnYpZy9EQIHPlxsWlQFhkp\nxA6A2AkJSLXS4adk7ICKcBJwCHz4iIS1EkSf/7ApVlvoDvVYTYtGFrXx/totrpNK\nstnwSKKW13mdBka6LBKZzMjOcjlC6mwv9F1OUXUcOFMcxfxyCqeac4FlL8w=\n-----END RSA PRIVATE KEY-----\n",
            "private_key_pem_pkcs8": "-----BEGIN PRIVATE KEY-----\nMIIJQgIBADANBgkqhkiG9w0BAQEFAASCCSwwggkoAgEAAoICAQCwWJR3C6d4M0Of\nKjwKiWPCDoYQ5JNRwdsJWuqv9zrqn9ZuvBU8b1viiQG7jgthiwmHOyhPw+uafrfk\nELBXFLEexpwLJu+bQMd5bvXkVodEmhSC8Nvw5Cs8pheSI15wctW58i6dn9qbUZXw\nybyuKwXhFY2zjy3BH6ssAgx8kvcWPNzh2q3Lyc6TLRvQcmgKCOUgUzC9VzqUh6e7\ngI6HE6UiH2T2KGIe+PljzxT6ap3+OcplmWE1ciQvghk5FUILUXl80pbl44C4m9ZV\nFoSgqclPkbJOWr6xXT8IhkGzV7Et6S/N/Ni9qxlefpxiXuedbVwMeGnPoktMfMiL\nz5AW/Ioc7qaKWGS1njv7B43CE8tBucwdLLDcVt2axqFDve0qtO5GzzWtqnvm0q0p\n1wp3uBTrw0AgOqj5ods407AZZPBCh9q4FBAvlneDtjOU2c3EuwRTR38iqHkUQSJQ\n1NcdGPNH1n4LHJgv8ORyz/JbEfMlJn7MR+Mf2FZR++Fxk81e7tmvSfQPOhe0vGmU\nA4ejkGLaCjJU6tGBQe8gGie23Q0Big8zUhMv54t+FYj1llYlhntPFmelFsykH5M1\nLN4w2b6aLOeS/DLmJbDhLJQUnge/bg1165LLyfjMU+ehKWuaTCBeA1qWYw5B3vDE\nYn0LIOeC99gsIe5JibEYehqmuf3HvwIDAQABAoICABa4zdBqUQFyNt6q9iI0F7Ap\nEj8vpIfJSawdPytog0/jQ8xFhxr1YkqAdW0G3WfhHrDXqixfmzDvQ58q7f3FGG6r\nD+95Qdr9msuGb5UkomNFfdUYAc7lJ2kLdvKz2fb1OkgDm4a10oNmx2zHdvyeEIYz\nB8IWIG1yONT/zT9pPwBqMS/CGdit6mRuUIIoQPLiDdvUvEKj8FQJB/oR6Mt2IuCQ\nWQBFWHc92gHGl0u43HNQW52Bs352dDvRheckBRF+Raq+sQYdV+LxjslXOxmUfEWO\nCVfX5hrmX+PSS2Q3WAi0CMkq23vSMFT2TWIjcQaI0RkjlBwBK7XxnMmJohBEKUC1\noNQ/uRhIHZaFOMnp7sUP/Ru3uP1DmxwMoNPqFBsAgrl2NctCPTnT5Za2KPp7n1n/\nPtD6TkEOqfGhafIePTUyMYsZSbyyT7g0qL9xD0Q3FLm3Xl9E02iYy6dOfWHUVmlc\ncFKXur5n43eYMhqLaslmKcI/sUZ7I4+xcQ22aRM4KXFMvvvthK4vbAX2SnIqy5UN\nD35ykEuagAzKJUi9Y9rJZoNgzI67db+OnW8lUEu6vzMnXuuKQSAtg7+UTgzdiMF7\nhlFo6IfyS/BK2kSBvEWcAKzYifeo0oefgtePFWCSDG4JutY2Vz2Sb7Gls94vdfbv\nrnB4Y1kOgevshPpH6Zp5AoIBAQDdejoHBNRcCRt/8UUV/9BI27QpHVXZEocNvuYp\nnkSgBxba2poVnIzXhDbj2uFCQe5/4XEXF/RdMIUg0dOmAZ1fYOOdhEhqwZLVp60q\nuuGNkG9s2yjtWH2EEl0teXzTh1Q/lBGlFD910CO6of6LjrJryE0rVHc8LO7FEegv\nfxguZ5v7E8Rs/VouQm+mG//w4ozBsyG8LNXL1VuOJ3VaYTRiyjXnLSRKDH3HDfND\nNgoC7k3tEjccfUhIlsMyjv5TrndK0eoKEIhMlotXajSbSqvVWMPvsyxy97he3usg\nOvPRHDxb8jCMTITQc5lY62i1Dns/uEUubSRJMNXa9ORh42GFAoIBAQDL1XD9+XD9\nygU/s7dotZNARC7IHWn0tlx/xbNGozSkfSRixQmd2gDy5r2AAP4Sp6N6lM/d2jkh\nsSZ+yavvo/P8/Xv5qKxtNhy5G0b+Y8hrBD3evZqK0CWsVI3gw4JTyMTEAPQEumSs\ndUkui88qPcfHI0IuuyhUZFE0yYTxBQ3FNJSHuwiLinjT9GQmmK9rOTR5pKKXqpOM\nTXfhpFnNt0kt5k8ezpMbm2MBS7aFjE39MQxmzXbVvRSERpNYG9i/9U5RV0lPxcuj\naAH5bMrMpBh9QtUNn8+ZeMXhssr5/lNpT7zG65Pk1xBDnXPLWC221drpnAWqri6Q\nO7ZdmMZUOeVzAoIBAQC+VEuJvJzCexEm4jB8t1pHQoeQzaT45vMo3OTu3xQacf0y\nFqpT6DUhAH4rUe5DAmXzf8mwDuXxL8E4cxlvj/OuA5WXyBZzp+aHtZEbJ36uKXGY\nGr8ROPqkhSON8NlU7vd3q8d+FehzVmtd99jIFdk+xuOKWQweqn6G3Nyr9IzTVDa3\njkU/ZHobRvyrw2QvnoFX9JkJHX6drL0BbOdsxBxAyYWJJUIKYLG2Xkave8Eew6w0\nD3NNCF0WBHm6+SeWwlfB9KMsAwkeyED23k5XJdSFg8LeOxv3sOrAnNFy4TamfZ1h\nZsBR0XBRswYVZDiXX9qK59CMFT8Zpt4hTFL3zHABAoIBABD479Sl/YuUU8WPIFl+\nrQkv5DlTgawXtzIIczoRguOja/ExePCE44lWPzc2XfGNteYSGBDgB9vPVWY/QqrM\nmxdYwAb0zY62b8PWCp5KDrkifEhcv06JsGleDQZHIUX6tK+haLAwGQvnJDXU/GYH\nCOiC/hLIEL6eL8jWctRi2FewXiHDKB3+ZLs5YVF5aznhZIYweD1qvah0FuRZ/ARO\nG7DPuYzWJJeq456LAGK0YRYRDHhO6XM4sEmnWsN+ZhjtwxywyPD0hlVP5sIvFd/e\nVg+wDe95fB7KWKfHbHFOhQGC2zQxD3qBkeAfbzHiYMQVoInNLQeeQ1BNOI0omHMQ\n8xMCggEAbGnc5L/E3Piu9wWiKW4e8x35fwln7zlPzypkdiKchblnZtK1twTRHWU6\niEs6777wdbXFWMJ+NqqTtNJwxeelBArBjdwBk3bkORpfiWOMNJLBX/QVV87y5oa1\nPDwHvUpkHcq7ReKdqTVVSesQeVQqg3eoRJQzIijU/VOCchOr6vzHH+QGSyNRAZUR\nl3Vki3IHC+u+A6dilnL0RAgc+XGxaVAWGSnEDoDYCQlItdLhp2TsgIpwEnAIfPiI\nhLUSRJ//sClWW+gO9VhNi0YWtfH+2i2uk0qy2fBIopbXeZ0GRrosEpnMyM5yOULq\nbC/0XU5RdRw4UxzF/HIKp5pzgWUvzA==\n-----END PRIVATE KEY-----\n",
            "public_key_fingerprint_md5": "95:98:7d:20:ba:94:39:65:53:c9:71:73:5c:d2:2b:0c",
            "public_key_fingerprint_sha256": "SHA256:K6G9eYD3LdtuDPUiTcywStFaawkLUXQXMFJpAk7lm50",
            "public_key_openssh": "ssh-rsa AAAAB3NzaC1yc2EAAAADAQABAAACAQCwWJR3C6d4M0OfKjwKiWPCDoYQ5JNRwdsJWuqv9zrqn9ZuvBU8b1viiQG7jgthiwmHOyhPw+uafrfkELBXFLEexpwLJu+bQMd5bvXkVodEmhSC8Nvw5Cs8pheSI15wctW58i6dn9qbUZXwybyuKwXhFY2zjy3BH6ssAgx8kvcWPNzh2q3Lyc6TLRvQcmgKCOUgUzC9VzqUh6e7gI6HE6UiH2T2KGIe+PljzxT6ap3+OcplmWE1ciQvghk5FUILUXl80pbl44C4m9ZVFoSgqclPkbJOWr6xXT8IhkGzV7Et6S/N/Ni9qxlefpxiXuedbVwMeGnPoktMfMiLz5AW/Ioc7qaKWGS1njv7B43CE8tBucwdLLDcVt2axqFDve0qtO5GzzWtqnvm0q0p1wp3uBTrw0AgOqj5ods407AZZPBCh9q4FBAvlneDtjOU2c3EuwRTR38iqHkUQSJQ1NcdGPNH1n4LHJgv8ORyz/JbEfMlJn7MR+Mf2FZR++Fxk81e7tmvSfQPOhe0vGmUA4ejkGLaCjJU6tGBQe8gGie23Q0Big8zUhMv54t+FYj1llYlhntPFmelFsykH5M1LN4w2b6aLOeS/DLmJbDhLJQUnge/bg1165LLyfjMU+ehKWuaTCBeA1qWYw5B3vDEYn0LIOeC99gsIe5JibEYehqmuf3Hvw==\n",
            "public_key_pem": "-----BEGIN PUBLIC KEY-----\nMIICIjANBgkqhkiG9w0BAQEFAAOCAg8AMIICCgKCAgEAsFiUdwuneDNDnyo8Colj\nwg6GEOSTUcHbCVrqr/c66p/WbrwVPG9b4okBu44LYYsJhzsoT8Prmn635BCwVxSx\nHsacCybvm0DHeW715FaHRJoUgvDb8OQrPKYXkiNecHLVufIunZ/am1GV8Mm8risF\n4RWNs48twR+rLAIMfJL3Fjzc4dqty8nOky0b0HJoCgjlIFMwvVc6lIenu4COhxOl\nIh9k9ihiHvj5Y88U+mqd/jnKZZlhNXIkL4IZORVCC1F5fNKW5eOAuJvWVRaEoKnJ\nT5GyTlq+sV0/CIZBs1exLekvzfzYvasZXn6cYl7nnW1cDHhpz6JLTHzIi8+QFvyK\nHO6milhktZ47+weNwhPLQbnMHSyw3FbdmsahQ73tKrTuRs81rap75tKtKdcKd7gU\n68NAIDqo+aHbONOwGWTwQofauBQQL5Z3g7YzlNnNxLsEU0d/Iqh5FEEiUNTXHRjz\nR9Z+CxyYL/Dkcs/yWxHzJSZ+zEfjH9hWUfvhcZPNXu7Zr0n0DzoXtLxplAOHo5Bi\n2goyVOrRgUHvIBontt0NAYoPM1ITL+eLfhWI9ZZWJYZ7TxZnpRbMpB+TNSzeMNm+\nmiznkvwy5iWw4SyUFJ4Hv24NdeuSy8n4zFPnoSlrmkwgXgNalmMOQd7wxGJ9CyDn\ngvfYLCHuSYmxGHoaprn9x78CAwEAAQ==\n-----END PUBLIC KEY-----\n",
            "rsa_bits": 4096
          },
          "sensitive_attributes": [
            [
              {
                "type": "get_attr",
                "value": "private_key_openssh"
              }
            ],
            [
              {
                "type": "get_attr",
                "value": "private_key_pem"
              }
            ],
            [
              {
                "type": "get_attr",
                "value": "private_key_pem_pkcs8"
              }
            ]
          ],
          "identity_schema_version": 0
        }
      ]
    },
    {
      "module": "module.sg",
      "mode": "managed",
      "type": "aws_security_group",
      "name": "main",
      "provider": "provider[\"registry.terraform.io/hashicorp/aws\"]",
      "instances": [
        {
          "schema_version": 1,
          "attributes": {
            "arn": "arn:aws:ec2:us-east-1:713881826781:security-group/sg-09229897b592adef3",
            "description": "Managed by Terraform",
            "egress": [
              {
                "cidr_blocks": [
                  "0.0.0.0/0"
                ],
                "description": "",
                "from_port": 0,
                "ipv6_cidr_blocks": [],
                "prefix_list_ids": [],
                "protocol": "-1",
                "security_groups": [],
                "self": false,
                "to_port": 0
              }
            ],
            "id": "sg-09229897b592adef3",
            "ingress": [
              {
                "cidr_blocks": [
                  "0.0.0.0/0"
                ],
                "description": "",
                "from_port": 22,
                "ipv6_cidr_blocks": [],
                "prefix_list_ids": [],
                "protocol": "tcp",
                "security_groups": [],
                "self": false,
                "to_port": 22
              },
              {
                "cidr_blocks": [
                  "0.0.0.0/0"
                ],
                "description": "",
                "from_port": 80,
                "ipv6_cidr_blocks": [],
                "prefix_list_ids": [],
                "protocol": "tcp",
                "security_groups": [],
                "self": false,
                "to_port": 80
              }
            ],
            "name": "tf-sg",
            "name_prefix": "",
            "owner_id": "713881826781",
            "revoke_rules_on_delete": false,
            "tags": {
              "Name": "tf-sg"
            },
            "tags_all": {
              "Name": "tf-sg"
            },
            "timeouts": null,
            "vpc_id": "vpc-0a6256ef2287e5765"
          },
          "sensitive_attributes": [],
          "identity_schema_version": 0,
          "private": "eyJlMmJmYjczMC1lY2FhLTExZTYtOGY4OC0zNDM2M2JjN2M0YzAiOnsiY3JlYXRlIjo2MDAwMDAwMDAwMDAsImRlbGV0ZSI6OTAwMDAwMDAwMDAwfSwic2NoZW1hX3ZlcnNpb24iOiIxIn0=",
          "dependencies": [
            "module.vpc.aws_vpc.main"
          ]
        }
      ]
    },
    {
      "module": "module.vpc",
      "mode": "managed",
      "type": "aws_internet_gateway",
      "name": "igw",
      "provider": "provider[\"registry.terraform.io/hashicorp/aws\"]",
      "instances": [
        {
          "schema_version": 0,
          "attributes": {
            "arn": "arn:aws:ec2:us-east-1:713881826781:internet-gateway/igw-0cbbe2c0346ce4279",
            "id": "igw-0cbbe2c0346ce4279",
            "owner_id": "713881826781",
            "tags": {
              "Name": "tf-igw"
            },
            "tags_all": {
              "Name": "tf-igw"
            },
            "timeouts": null,
            "vpc_id": "vpc-0a6256ef2287e5765"
          },
          "sensitive_attributes": [],
          "identity_schema_version": 0,
          "private": "eyJlMmJmYjczMC1lY2FhLTExZTYtOGY4OC0zNDM2M2JjN2M0YzAiOnsiY3JlYXRlIjoxMjAwMDAwMDAwMDAwLCJkZWxldGUiOjEyMDAwMDAwMDAwMDAsInVwZGF0ZSI6MTIwMDAwMDAwMDAwMH19",
          "dependencies": [
            "module.vpc.aws_vpc.main"
          ]
        }
      ]
    },
    {
      "module": "module.vpc",
      "mode": "managed",
      "type": "aws_route_table",
      "name": "rt",
      "provider": "provider[\"registry.terraform.io/hashicorp/aws\"]",
      "instances": [
        {
          "schema_version": 0,
          "attributes": {
            "arn": "arn:aws:ec2:us-east-1:713881826781:route-table/rtb-06f70a68660533fc7",
            "id": "rtb-06f70a68660533fc7",
            "owner_id": "713881826781",
            "propagating_vgws": [],
            "route": [
              {
                "carrier_gateway_id": "",
                "cidr_block": "0.0.0.0/0",
                "core_network_arn": "",
                "destination_prefix_list_id": "",
                "egress_only_gateway_id": "",
                "gateway_id": "igw-0cbbe2c0346ce4279",
                "ipv6_cidr_block": "",
                "local_gateway_id": "",
                "nat_gateway_id": "",
                "network_interface_id": "",
                "transit_gateway_id": "",
                "vpc_endpoint_id": "",
                "vpc_peering_connection_id": ""
              }
            ],
            "tags": {
              "Name": "tf-rt"
            },
            "tags_all": {
              "Name": "tf-rt"
            },
            "timeouts": null,
            "vpc_id": "vpc-0a6256ef2287e5765"
          },
          "sensitive_attributes": [],
          "identity_schema_version": 0,
          "private": "eyJlMmJmYjczMC1lY2FhLTExZTYtOGY4OC0zNDM2M2JjN2M0YzAiOnsiY3JlYXRlIjozMDAwMDAwMDAwMDAsImRlbGV0ZSI6MzAwMDAwMDAwMDAwLCJ1cGRhdGUiOjEyMDAwMDAwMDAwMH19",
          "dependencies": [
            "module.vpc.aws_internet_gateway.igw",
            "module.vpc.aws_vpc.main"
          ]
        }
      ]
    },
    {
      "module": "module.vpc",
      "mode": "managed",
      "type": "aws_route_table_association",
      "name": "a",
      "provider": "provider[\"registry.terraform.io/hashicorp/aws\"]",
      "instances": [
        {
          "schema_version": 0,
          "attributes": {
            "gateway_id": "",
            "id": "rtbassoc-09608a4cbc8f4e803",
            "route_table_id": "rtb-06f70a68660533fc7",
            "subnet_id": "subnet-02f6563e26f5f3066",
            "timeouts": null
          },
          "sensitive_attributes": [],
          "identity_schema_version": 0,
          "private": "eyJlMmJmYjczMC1lY2FhLTExZTYtOGY4OC0zNDM2M2JjN2M0YzAiOnsiY3JlYXRlIjozMDAwMDAwMDAwMDAsImRlbGV0ZSI6MzAwMDAwMDAwMDAwLCJ1cGRhdGUiOjEyMDAwMDAwMDAwMH19",
          "dependencies": [
            "module.vpc.aws_internet_gateway.igw",
            "module.vpc.aws_route_table.rt",
            "module.vpc.aws_subnet.public",
            "module.vpc.aws_vpc.main"
          ]
        }
      ]
    },
    {
      "module": "module.vpc",
      "mode": "managed",
      "type": "aws_subnet",
      "name": "public",
      "provider": "provider[\"registry.terraform.io/hashicorp/aws\"]",
      "instances": [
        {
          "schema_version": 1,
          "attributes": {
            "arn": "arn:aws:ec2:us-east-1:713881826781:subnet/subnet-02f6563e26f5f3066",
            "assign_ipv6_address_on_creation": false,
            "availability_zone": "us-east-1a",
            "availability_zone_id": "use1-az1",
            "cidr_block": "10.0.1.0/24",
            "customer_owned_ipv4_pool": "",
            "enable_dns64": false,
            "enable_lni_at_device_index": 0,
            "enable_resource_name_dns_a_record_on_launch": false,
            "enable_resource_name_dns_aaaa_record_on_launch": false,
            "id": "subnet-02f6563e26f5f3066",
            "ipv6_cidr_block": "",
            "ipv6_cidr_block_association_id": "",
            "ipv6_native": false,
            "map_customer_owned_ip_on_launch": false,
            "map_public_ip_on_launch": true,
            "outpost_arn": "",
            "owner_id": "713881826781",
            "private_dns_hostname_type_on_launch": "ip-name",
            "tags": {
              "Name": "tf-public-subnet"
            },
            "tags_all": {
              "Name": "tf-public-subnet"
            },
            "timeouts": null,
            "vpc_id": "vpc-0a6256ef2287e5765"
          },
          "sensitive_attributes": [],
          "identity_schema_version": 0,
          "private": "eyJlMmJmYjczMC1lY2FhLTExZTYtOGY4OC0zNDM2M2JjN2M0YzAiOnsiY3JlYXRlIjo2MDAwMDAwMDAwMDAsImRlbGV0ZSI6MTIwMDAwMDAwMDAwMH0sInNjaGVtYV92ZXJzaW9uIjoiMSJ9",
          "dependencies": [
            "module.vpc.aws_vpc.main"
          ]
        }
      ]
    },
    {
      "module": "module.vpc",
      "mode": "managed",
      "type": "aws_vpc",
      "name": "main",
      "provider": "provider[\"registry.terraform.io/hashicorp/aws\"]",
      "instances": [
        {
          "schema_version": 1,
          "attributes": {
            "arn": "arn:aws:ec2:us-east-1:713881826781:vpc/vpc-0a6256ef2287e5765",
            "assign_generated_ipv6_cidr_block": false,
            "cidr_block": "10.0.0.0/16",
            "default_network_acl_id": "acl-03e54f9620e3e1de1",
            "default_route_table_id": "rtb-0ccede8f86ca32a9e",
            "default_security_group_id": "sg-0ee5ec319dcc48dd1",
            "dhcp_options_id": "dopt-06d19167f1aaedb4e",
            "enable_dns_hostnames": false,
            "enable_dns_support": true,
            "enable_network_address_usage_metrics": false,
            "id": "vpc-0a6256ef2287e5765",
            "instance_tenancy": "default",
            "ipv4_ipam_pool_id": null,
            "ipv4_netmask_length": null,
            "ipv6_association_id": "",
            "ipv6_cidr_block": "",
            "ipv6_cidr_block_network_border_group": "",
            "ipv6_ipam_pool_id": "",
            "ipv6_netmask_length": 0,
            "main_route_table_id": "rtb-0ccede8f86ca32a9e",
            "owner_id": "713881826781",
            "tags": {
              "Name": "tf-vpc"
            },
            "tags_all": {
              "Name": "tf-vpc"
            }
          },
          "sensitive_attributes": [],
          "identity_schema_version": 0,
          "private": "eyJzY2hlbWFfdmVyc2lvbiI6IjEifQ=="
        }
      ]
    }
  ],
  "check_results": null
}
